github.com/joho/godotenv v1.5.1 h1:7eLL/+HRGLY0ldzfGMeQkb7vMd0as4CfYvUVzLqw0N0=
github.com/joho/godotenv v1.5.1/go.mod h1:f4LDr5Voq0i2e/R5DDNOoa2zzDfwtkZa6DnEwAbqwq4=
github.com/leejarvis/swapi v0.0.0-20150201184547-def83bd44a52 h1:OXuaV+S5QC6ku4nbElghSV2dxMn8/7FygpwmabhHMfk=
github.com/leejarvis/swapi v0.0.0-20150201184547-def83bd44a52/go.mod h1:AztAPgYnyhQdyMhXB5ZYJLCeaqP1OUwYG91HnM470rA=
github.com/peterhellberg/swapi v0.0.0-20230222134402-c0bd79f5129c h1:FS5Yq0geZCGGFWq3yJJZhPWwsOlT8rUtOpSY3bDu6Jo=
github.com/peterhellberg/swapi v0.0.0-20230222134402-c0bd79f5129c/go.mod h1:MCpYUv2wWgketLY9WhCmAiCPEFTf/oUh7N4g0SGAuXQ=
